
Microsoft Visual Studio Solution File, Format Version 12.00
# Visual Studio Version 17
VisualStudioVersion = 17.13.35931.197
MinimumVisualStudioVersion = 10.0.40219.1
Project("{8BC9CEB8-8B4A-11D0-8D11-00A0C91BC942}") = "FLAC frontend", "FLAC frontend\FLAC frontend.vcxproj", "{381D4978-2D25-47B5-844E-B6F6A87A09FC}"
EndProject
Global
	GlobalSection(SolutionConfigurationPlatforms) = preSolution
		Debug|Win32 = Debug|Win32
		Debug|x64 = Debug|x64
		Release|Win32 = Release|Win32
		Release|x64 = Release|x64
	EndGlobalSection
	GlobalSection(ProjectConfigurationPlatforms) = postSolution
		{381D4978-2D25-47B5-844E-B6F6A87A09FC}.Debug|Win32.ActiveCfg = Debug|Win32
		{381D4978-2D25-47B5-844E-B6F6A87A09FC}.Debug|Win32.Build.0 = Debug|Win32
		{381D4978-2D25-47B5-844E-B6F6A87A09FC}.Debug|x64.ActiveCfg = Debug|x64
		{381D4978-2D25-47B5-844E-B6F6A87A09FC}.Debug|x64.Build.0 = Debug|x64
		{381D4978-2D25-47B5-844E-B6F6A87A09FC}.Release|Win32.ActiveCfg = Release|Win32
		{381D4978-2D25-47B5-844E-B6F6A87A09FC}.Release|Win32.Build.0 = Release|Win32
		{381D4978-2D25-47B5-844E-B6F6A87A09FC}.Release|x64.ActiveCfg = Release|x64
		{381D4978-2D25-47B5-844E-B6F6A87A09FC}.Release|x64.Build.0 = Release|x64
	EndGlobalSection
	GlobalSection(SolutionProperties) = preSolution
		HideSolutionNode = FALSE
	EndGlobalSection
	GlobalSection(ExtensibilityGlobals) = postSolution
		SolutionGuid = {0A179BD8-A23B-4FAB-AA12-CBF0C5BA8F4C}
	EndGlobalSection
EndGlobal
